{
  "nodes": {
    "godot-desktop-file": {
      "flake": false,
      "locked": {
        "narHash": "sha256-vFVYuHYKIcr/ngibwV9G2bsxzG3YWS9Mm4WjKaAUcbM=",
        "type": "file",
        "url": "https://raw.githubusercontent.com/godotengine/godot/1a2e0b22b6278cef95a528e9101a53f4cb93b548/misc/dist/linux/org.godotengine.Godot.desktop"
      },
      "original": {
        "type": "file",
        "url": "https://raw.githubusercontent.com/godotengine/godot/1a2e0b22b6278cef95a528e9101a53f4cb93b548/misc/dist/linux/org.godotengine.Godot.desktop"
      }
    },
    "godot-icon-png": {
      "flake": false,
      "locked": {
        "narHash": "sha256-Y4Y2RpEiZOBJEEtgJZVHDJ+GUgN2fn9VPP+oZWQZMr0=",
        "type": "file",
        "url": "https://raw.githubusercontent.com/godotengine/godot/1a2e0b22b6278cef95a528e9101a53f4cb93b548/icon.png"
      },
      "original": {
        "type": "file",
        "url": "https://raw.githubusercontent.com/godotengine/godot/1a2e0b22b6278cef95a528e9101a53f4cb93b548/icon.png"
      }
    },
    "godot-icon-svg": {
      "flake": false,
      "locked": {
        "narHash": "sha256-uvq7FvWNIjEJHHwhcPl/q8y0I5vHdqpKnZA2WDzmzAc=",
        "type": "file",
        "url": "https://raw.githubusercontent.com/godotengine/godot/1a2e0b22b6278cef95a528e9101a53f4cb93b548/icon.svg"
      },
      "original": {
        "type": "file",
        "url": "https://raw.githubusercontent.com/godotengine/godot/1a2e0b22b6278cef95a528e9101a53f4cb93b548/icon.svg"
      }
    },
    "godot-manpage": {
      "flake": false,
      "locked": {
        "narHash": "sha256-QBl3N8oOgvzqoTiCCKWUq9PiBqjywhqvCaYM1g40FQw=",
        "type": "file",
        "url": "https://raw.githubusercontent.com/godotengine/godot/1a2e0b22b6278cef95a528e9101a53f4cb93b548/misc/dist/linux/godot.6"
      },
      "original": {
        "type": "file",
        "url": "https://raw.githubusercontent.com/godotengine/godot/1a2e0b22b6278cef95a528e9101a53f4cb93b548/misc/dist/linux/godot.6"
      }
    },
    "nixpkgs": {
      "locked": {
        "lastModified": 1729980323,
        "narHash": "sha256-eWPRZAlhf446bKSmzw6x7RWEE4IuZgAp8NW3eXZwRAY=",
        "owner": "nixos",
        "repo": "nixpkgs",
        "rev": "86e78d3d2084ff87688da662cf78c2af085d8e73",
        "type": "github"
      },
      "original": {
        "owner": "nixos",
        "ref": "nixpkgs-unstable",
        "repo": "nixpkgs",
        "type": "github"
      }
    },
    "root": {
      "inputs": {
        "godot-desktop-file": "godot-desktop-file",
        "godot-icon-png": "godot-icon-png",
        "godot-icon-svg": "godot-icon-svg",
        "godot-manpage": "godot-manpage",
        "nixpkgs": "nixpkgs"
      }
    }
  },
  "root": "root",
  "version": 7
}
